
Microsoft Visual Studio Solution File, Format Version 12.00
# Visual Studio 15
VisualStudioVersion = 15.0.28010.2046
MinimumVisualStudioVersion = 10.0.40219.1
Project("{9A19103F-16F7-4668-BE54-9A1E7A4F7556}") = "DPA.Api", "DPA.Api\DPA.Api.csproj", "{816E20C2-F8BF-4B51-AB31-E59BF6FB73AD}"
EndProject
Project("{9A19103F-16F7-4668-BE54-9A1E7A4F7556}") = "DPA.IoC", "DPA.IoC\DPA.IoC.csproj", "{AE38D6FD-2F4C-48F4-ABEA-A2BD13C1E423}"
	ProjectSection(ProjectDependencies) = postProject
		{C0828556-8A0C-41B9-B2D2-267664830FD4} = {C0828556-8A0C-41B9-B2D2-267664830FD4}
	EndProjectSection
EndProject
Project("{9A19103F-16F7-4668-BE54-9A1E7A4F7556}") = "DPA.Application", "DPA.Application\DPA.Application.csproj", "{C0828556-8A0C-41B9-B2D2-267664830FD4}"
EndProject
Project("{9A19103F-16F7-4668-BE54-9A1E7A4F7556}") = "DPA.Model", "DPA.Model\DPA.Model.csproj", "{8A735B03-7602-416D-AB75-58CBC94FC269}"
	ProjectSection(ProjectDependencies) = postProject
		{C016A076-0367-4C5A-AE69-3ADC3F126474} = {C016A076-0367-4C5A-AE69-3ADC3F126474}
	EndProjectSection
EndProject
Project("{9A19103F-16F7-4668-BE54-9A1E7A4F7556}") = "DPA.Database", "DPA.Database\DPA.Database.csproj", "{77E6AA02-765F-41ED-8ED6-B928D1B8E3E8}"
EndProject
Project("{9A19103F-16F7-4668-BE54-9A1E7A4F7556}") = "DPA.Domain", "DPA.Domain\DPA.Domain.csproj", "{5760BC35-D151-4260-BD0F-7F49B8FADBD3}"
EndProject
Project("{9A19103F-16F7-4668-BE54-9A1E7A4F7556}") = "DPA.CrossCutting", "DPA.CrossCutting\DPA.CrossCutting.csproj", "{C016A076-0367-4C5A-AE69-3ADC3F126474}"
EndProject
Project("{9A19103F-16F7-4668-BE54-9A1E7A4F7556}") = "DPA.IntegrationTest", "DPA.IntegrationTest\DPA.IntegrationTest.csproj", "{A0035F10-DA4A-4C51-967E-3ED123648991}"
EndProject
Project("{2150E333-8FDC-42A3-9474-1A3956D46DE8}") = "test", "test", "{9902A0C7-19C1-44EA-99F9-E0410D82E9C2}"
EndProject
Project("{2150E333-8FDC-42A3-9474-1A3956D46DE8}") = "app", "app", "{DFBE247C-92EB-4793-8956-2D5F9349FE78}"
EndProject
Project("{2150E333-8FDC-42A3-9474-1A3956D46DE8}") = "presentation", "presentation", "{64C252A3-BEC9-44CB-8373-A9A0680FCC99}"
EndProject
Project("{2150E333-8FDC-42A3-9474-1A3956D46DE8}") = "database", "database", "{C64837F3-62BF-4FA1-90B5-4A159391E9C1}"
EndProject
Global
	GlobalSection(SolutionConfigurationPlatforms) = preSolution
		Debug|Any CPU = Debug|Any CPU
		Release|Any CPU = Release|Any CPU
	EndGlobalSection
	GlobalSection(ProjectConfigurationPlatforms) = postSolution
		{816E20C2-F8BF-4B51-AB31-E59BF6FB73AD}.Debug|Any CPU.ActiveCfg = Debug|Any CPU
		{816E20C2-F8BF-4B51-AB31-E59BF6FB73AD}.Debug|Any CPU.Build.0 = Debug|Any CPU
		{816E20C2-F8BF-4B51-AB31-E59BF6FB73AD}.Release|Any CPU.ActiveCfg = Release|Any CPU
		{816E20C2-F8BF-4B51-AB31-E59BF6FB73AD}.Release|Any CPU.Build.0 = Release|Any CPU
		{AE38D6FD-2F4C-48F4-ABEA-A2BD13C1E423}.Debug|Any CPU.ActiveCfg = Debug|Any CPU
		{AE38D6FD-2F4C-48F4-ABEA-A2BD13C1E423}.Debug|Any CPU.Build.0 = Debug|Any CPU
		{AE38D6FD-2F4C-48F4-ABEA-A2BD13C1E423}.Release|Any CPU.ActiveCfg = Release|Any CPU
		{AE38D6FD-2F4C-48F4-ABEA-A2BD13C1E423}.Release|Any CPU.Build.0 = Release|Any CPU
		{C0828556-8A0C-41B9-B2D2-267664830FD4}.Debug|Any CPU.ActiveCfg = Debug|Any CPU
		{C0828556-8A0C-41B9-B2D2-267664830FD4}.Debug|Any CPU.Build.0 = Debug|Any CPU
		{C0828556-8A0C-41B9-B2D2-267664830FD4}.Release|Any CPU.ActiveCfg = Release|Any CPU
		{C0828556-8A0C-41B9-B2D2-267664830FD4}.Release|Any CPU.Build.0 = Release|Any CPU
		{8A735B03-7602-416D-AB75-58CBC94FC269}.Debug|Any CPU.ActiveCfg = Debug|Any CPU
		{8A735B03-7602-416D-AB75-58CBC94FC269}.Debug|Any CPU.Build.0 = Debug|Any CPU
		{8A735B03-7602-416D-AB75-58CBC94FC269}.Release|Any CPU.ActiveCfg = Release|Any CPU
		{8A735B03-7602-416D-AB75-58CBC94FC269}.Release|Any CPU.Build.0 = Release|Any CPU
		{77E6AA02-765F-41ED-8ED6-B928D1B8E3E8}.Debug|Any CPU.ActiveCfg = Debug|Any CPU
		{77E6AA02-765F-41ED-8ED6-B928D1B8E3E8}.Debug|Any CPU.Build.0 = Debug|Any CPU
		{77E6AA02-765F-41ED-8ED6-B928D1B8E3E8}.Release|Any CPU.ActiveCfg = Release|Any CPU
		{77E6AA02-765F-41ED-8ED6-B928D1B8E3E8}.Release|Any CPU.Build.0 = Release|Any CPU
		{5760BC35-D151-4260-BD0F-7F49B8FADBD3}.Debug|Any CPU.ActiveCfg = Debug|Any CPU
		{5760BC35-D151-4260-BD0F-7F49B8FADBD3}.Debug|Any CPU.Build.0 = Debug|Any CPU
		{5760BC35-D151-4260-BD0F-7F49B8FADBD3}.Release|Any CPU.ActiveCfg = Release|Any CPU
		{5760BC35-D151-4260-BD0F-7F49B8FADBD3}.Release|Any CPU.Build.0 = Release|Any CPU
		{C016A076-0367-4C5A-AE69-3ADC3F126474}.Debug|Any CPU.ActiveCfg = Debug|Any CPU
		{C016A076-0367-4C5A-AE69-3ADC3F126474}.Debug|Any CPU.Build.0 = Debug|Any CPU
		{C016A076-0367-4C5A-AE69-3ADC3F126474}.Release|Any CPU.ActiveCfg = Release|Any CPU
		{C016A076-0367-4C5A-AE69-3ADC3F126474}.Release|Any CPU.Build.0 = Release|Any CPU
		{A0035F10-DA4A-4C51-967E-3ED123648991}.Debug|Any CPU.ActiveCfg = Debug|Any CPU
		{A0035F10-DA4A-4C51-967E-3ED123648991}.Debug|Any CPU.Build.0 = Debug|Any CPU
		{A0035F10-DA4A-4C51-967E-3ED123648991}.Release|Any CPU.ActiveCfg = Release|Any CPU
		{A0035F10-DA4A-4C51-967E-3ED123648991}.Release|Any CPU.Build.0 = Release|Any CPU
	EndGlobalSection
	GlobalSection(SolutionProperties) = preSolution
		HideSolutionNode = FALSE
	EndGlobalSection
	GlobalSection(NestedProjects) = preSolution
		{816E20C2-F8BF-4B51-AB31-E59BF6FB73AD} = {64C252A3-BEC9-44CB-8373-A9A0680FCC99}
		{AE38D6FD-2F4C-48F4-ABEA-A2BD13C1E423} = {DFBE247C-92EB-4793-8956-2D5F9349FE78}
		{C0828556-8A0C-41B9-B2D2-267664830FD4} = {DFBE247C-92EB-4793-8956-2D5F9349FE78}
		{8A735B03-7602-416D-AB75-58CBC94FC269} = {C64837F3-62BF-4FA1-90B5-4A159391E9C1}
		{77E6AA02-765F-41ED-8ED6-B928D1B8E3E8} = {C64837F3-62BF-4FA1-90B5-4A159391E9C1}
		{5760BC35-D151-4260-BD0F-7F49B8FADBD3} = {DFBE247C-92EB-4793-8956-2D5F9349FE78}
		{C016A076-0367-4C5A-AE69-3ADC3F126474} = {DFBE247C-92EB-4793-8956-2D5F9349FE78}
		{A0035F10-DA4A-4C51-967E-3ED123648991} = {9902A0C7-19C1-44EA-99F9-E0410D82E9C2}
	EndGlobalSection
	GlobalSection(ExtensibilityGlobals) = postSolution
		SolutionGuid = {0E8CEED0-5BB0-4E8C-AB37-17BEFF205A0A}
	EndGlobalSection
EndGlobal
